
Microsoft Visual Studio Solution File, Format Version 12.00
# Visual Studio 15
VisualStudioVersion = 15.0.26403.7
MinimumVisualStudioVersion = 10.0.40219.1
Project("{FAE04EC0-301F-11D3-BF4B-00C04F79EFBC}") = "RiskAssessment.Web", "RiskAssessment.Web\RiskAssessment.Web.csproj", "{D27AC0FC-D228-4531-A367-2F403528CD97}"
EndProject
Project("{FAE04EC0-301F-11D3-BF4B-00C04F79EFBC}") = "RiskAssesment.Tests", "RiskAssesment.Tests\RiskAssesment.Tests.csproj", "{2712410E-33BC-4139-9CE1-9F3595C5DED8}"
EndProject
Global
	GlobalSection(SolutionConfigurationPlatforms) = preSolution
		Debug|Any CPU = Debug|Any CPU
		Release|Any CPU = Release|Any CPU
	EndGlobalSection
	GlobalSection(ProjectConfigurationPlatforms) = postSolution
		{D27AC0FC-D228-4531-A367-2F403528CD97}.Debug|Any CPU.ActiveCfg = Debug|Any CPU
		{D27AC0FC-D228-4531-A367-2F403528CD97}.Debug|Any CPU.Build.0 = Debug|Any CPU
		{D27AC0FC-D228-4531-A367-2F403528CD97}.Release|Any CPU.ActiveCfg = Release|Any CPU
		{D27AC0FC-D228-4531-A367-2F403528CD97}.Release|Any CPU.Build.0 = Release|Any CPU
		{2712410E-33BC-4139-9CE1-9F3595C5DED8}.Debug|Any CPU.ActiveCfg = Debug|Any CPU
		{2712410E-33BC-4139-9CE1-9F3595C5DED8}.Debug|Any CPU.Build.0 = Debug|Any CPU
		{2712410E-33BC-4139-9CE1-9F3595C5DED8}.Release|Any CPU.ActiveCfg = Release|Any CPU
		{2712410E-33BC-4139-9CE1-9F3595C5DED8}.Release|Any CPU.Build.0 = Release|Any CPU
	EndGlobalSection
	GlobalSection(SolutionProperties) = preSolution
		HideSolutionNode = FALSE
	EndGlobalSection
EndGlobal
